dependencies:
- name: stacks-blockchain
  repository: https://charts.hiro.so/hirosystems
  version: 2.0.1
- name: postgresql
  repository: https://charts.bitnami.com/bitnami
  version: 12.12.10
- name: common
  repository: https://charts.bitnami.com/bitnami
  version: 2.13.3
digest: sha256:e92d8594e35b2f1807661f0474e5ac1a2deaac8a53493a6b6a94c0525651b78d
generated: "2023-10-25T12:35:40.790461-04:00"
