dependencies:
- name: bitcoin-core
  repository: https://charts.hiro.so/hirosystems
  version: 1.1.4
- name: common
  repository: https://charts.bitnami.com/bitnami
  version: 1.17.1
digest: sha256:37e8ba95b0232bac8d0ffe9e28038c23b589b7b96cd317a5eb0460f26ce7782c
generated: "2022-09-28T21:10:59.24842-04:00"
