dependencies:
- name: bitcoin-core
  repository: https://charts.hiro.so/hirosystems
  version: 1.1.2
- name: common
  repository: https://charts.bitnami.com/bitnami
  version: 1.17.1
digest: sha256:2270f055e599374632cbb172e3bccbc336ae77f96b8e0d243da285958f4aabcf
generated: "2022-09-28T14:24:39.001855-04:00"
